# This file is automatically @generated by Cargo.
# It is not intended for manual editing.
version = 4

[[package]]
name = "jamulsoe-core"
version = "0.0.0"

[[package]]
name = "jamulsoe-ct"
version = "0.0.0"

[[package]]
name = "jamulsoe-ffi"
version = "0.0.0"
dependencies = [
 "jamulsoe-module",
]

[[package]]
name = "jamulsoe-module"
version = "0.0.0"
dependencies = [
 "jamulsoe-core",
]

[[package]]
name = "jamulsoe-oracle"
version = "0.0.0"
